
Microsoft Visual Studio Solution File, Format Version 12.00
# Visual Studio Version 17
VisualStudioVersion = 17.8.34330.188
MinimumVisualStudioVersion = 10.0.40219.1
Project("{FAE04EC0-301F-11D3-BF4B-00C04F79EFBC}") = "FunctionApp20", "FunctionApp20\FunctionApp20.csproj", "{1E437E6F-1442-4243-B7E9-BC92613666EA}"
EndProject
Global
	GlobalSection(SolutionConfigurationPlatforms) = preSolution
		Debug|Any CPU = Debug|Any CPU
		Release|Any CPU = Release|Any CPU
	EndGlobalSection
	GlobalSection(ProjectConfigurationPlatforms) = postSolution
		{1E437E6F-1442-4243-B7E9-BC92613666EA}.Debug|Any CPU.ActiveCfg = Debug|Any CPU
		{1E437E6F-1442-4243-B7E9-BC92613666EA}.Debug|Any CPU.Build.0 = Debug|Any CPU
		{1E437E6F-1442-4243-B7E9-BC92613666EA}.Release|Any CPU.ActiveCfg = Release|Any CPU
		{1E437E6F-1442-4243-B7E9-BC92613666EA}.Release|Any CPU.Build.0 = Release|Any CPU
	EndGlobalSection
	GlobalSection(SolutionProperties) = preSolution
		HideSolutionNode = FALSE
	EndGlobalSection
	GlobalSection(ExtensibilityGlobals) = postSolution
		SolutionGuid = {7066362F-9FC5-4311-806A-6A884D02CE87}
	EndGlobalSection
EndGlobal
